
Microsoft Visual Studio Solution File, Format Version 12.00
# Visual Studio Version 16
VisualStudioVersion = 16.0.31019.35
MinimumVisualStudioVersion = 10.0.40219.1
Project("{FAE04EC0-301F-11D3-BF4B-00C04F79EFBC}") = "QuanLyKhachSan", "QuanLyKhachSan\QuanLyKhachSan.csproj", "{BE78AEC5-39A2-4118-9676-D7916AB2CE16}"
EndProject
Project("{840C416C-B8F3-42BC-B0DD-F6BB14C9F8CB}") = "setupKS", "setupKS\setupKS.aiproj", "{7B192376-5507-4425-8A56-CFDC5A6BA314}"
EndProject
Global
	GlobalSection(SolutionConfigurationPlatforms) = preSolution
		All|Any CPU = All|Any CPU
		Debug|Any CPU = Debug|Any CPU
		Release|Any CPU = Release|Any CPU
	EndGlobalSection
	GlobalSection(ProjectConfigurationPlatforms) = postSolution
		{BE78AEC5-39A2-4118-9676-D7916AB2CE16}.All|Any CPU.ActiveCfg = Release|Any CPU
		{BE78AEC5-39A2-4118-9676-D7916AB2CE16}.All|Any CPU.Build.0 = Release|Any CPU
		{BE78AEC5-39A2-4118-9676-D7916AB2CE16}.Debug|Any CPU.ActiveCfg = Debug|Any CPU
		{BE78AEC5-39A2-4118-9676-D7916AB2CE16}.Debug|Any CPU.Build.0 = Debug|Any CPU
		{BE78AEC5-39A2-4118-9676-D7916AB2CE16}.Release|Any CPU.ActiveCfg = Release|Any CPU
		{BE78AEC5-39A2-4118-9676-D7916AB2CE16}.Release|Any CPU.Build.0 = Release|Any CPU
		{7B192376-5507-4425-8A56-CFDC5A6BA314}.All|Any CPU.ActiveCfg = DefaultBuild
		{7B192376-5507-4425-8A56-CFDC5A6BA314}.Debug|Any CPU.ActiveCfg = DefaultBuild
		{7B192376-5507-4425-8A56-CFDC5A6BA314}.Release|Any CPU.ActiveCfg = DefaultBuild
	EndGlobalSection
	GlobalSection(SolutionProperties) = preSolution
		HideSolutionNode = FALSE
	EndGlobalSection
	GlobalSection(ExtensibilityGlobals) = postSolution
		SolutionGuid = {35601537-AB2A-404E-92A2-EDC2DB9957CB}
	EndGlobalSection
EndGlobal
